
Microsoft Visual Studio Solution File, Format Version 12.00
# Visual Studio Version 17
VisualStudioVersion = 17.13.35828.75 d17.13
MinimumVisualStudioVersion = 10.0.40219.1
Project("{FAE04EC0-301F-11D3-BF4B-00C04F79EFBC}") = "Secao8_OOP", "Secao8_OOP\Secao8_OOP.csproj", "{7E9565E8-EE94-4D22-922C-818FBF93C239}"
EndProject
Project("{FAE04EC0-301F-11D3-BF4B-00C04F79EFBC}") = "Secao8_Enumerables", "Secao8_Enumerables\Secao8_Enumerables.csproj", "{1E8639E7-1F6D-4962-BCE2-58FD10B4626B}"
EndProject
Global
	GlobalSection(SolutionConfigurationPlatforms) = preSolution
		Debug|Any CPU = Debug|Any CPU
		Release|Any CPU = Release|Any CPU
	EndGlobalSection
	GlobalSection(ProjectConfigurationPlatforms) = postSolution
		{7E9565E8-EE94-4D22-922C-818FBF93C239}.Debug|Any CPU.ActiveCfg = Debug|Any CPU
		{7E9565E8-EE94-4D22-922C-818FBF93C239}.Debug|Any CPU.Build.0 = Debug|Any CPU
		{7E9565E8-EE94-4D22-922C-818FBF93C239}.Release|Any CPU.ActiveCfg = Release|Any CPU
		{7E9565E8-EE94-4D22-922C-818FBF93C239}.Release|Any CPU.Build.0 = Release|Any CPU
		{1E8639E7-1F6D-4962-BCE2-58FD10B4626B}.Debug|Any CPU.ActiveCfg = Debug|Any CPU
		{1E8639E7-1F6D-4962-BCE2-58FD10B4626B}.Debug|Any CPU.Build.0 = Debug|Any CPU
		{1E8639E7-1F6D-4962-BCE2-58FD10B4626B}.Release|Any CPU.ActiveCfg = Release|Any CPU
		{1E8639E7-1F6D-4962-BCE2-58FD10B4626B}.Release|Any CPU.Build.0 = Release|Any CPU
	EndGlobalSection
	GlobalSection(SolutionProperties) = preSolution
		HideSolutionNode = FALSE
	EndGlobalSection
	GlobalSection(ExtensibilityGlobals) = postSolution
		SolutionGuid = {F96F2747-5598-4947-95FC-8AF8BE8D0654}
	EndGlobalSection
EndGlobal
